{
  "name": "test",
  "version": "1.0.0",
  "lockfileVersion": 3,
  "requires": true,
  "packages": {
    "": {
      "name": "test",
      "version": "1.0.0",
      "license": "ISC",
      "dependencies": {
        "enoch-encrypt": "^1.0.3"
      }
    },
    "node_modules/enoch-encrypt": {
      "version": "1.0.3",
      "resolved": "https://registry.npmjs.org/enoch-encrypt/-/enoch-encrypt-1.0.3.tgz",
      "integrity": "sha512-Lc0ZWotjRe+D/FtFT25TuPxhOCQVDu0QJLBicXu1jXEt84p5Gnf/3CjK9waxCLR4BeMVeDXxv9XPYQiPq3dp2w=="
    }
  }
}
